
Microsoft Visual Studio Solution File, Format Version 12.00
# Visual Studio Version 17
VisualStudioVersion = 17.2.32630.192
MinimumVisualStudioVersion = 10.0.40219.1
Project("{FAE04EC0-301F-11D3-BF4B-00C04F79EFBC}") = "server", "server\server.csproj", "{AC80F46B-1681-4DC9-8A72-26EA1B5B8C4D}"
EndProject
Project("{FAE04EC0-301F-11D3-BF4B-00C04F79EFBC}") = "DAL", "DAL\DAL.csproj", "{425585EC-8359-487D-BDB6-1D9AAB2BC1C8}"
EndProject
Project("{FAE04EC0-301F-11D3-BF4B-00C04F79EFBC}") = "BL", "BL\BL.csproj", "{FEBFB0B4-7641-4F23-8E66-0AC004411D6E}"
EndProject
Project("{FAE04EC0-301F-11D3-BF4B-00C04F79EFBC}") = "DTO", "DTO\DTO.csproj", "{36B99E07-5E9D-40C8-894C-FEB6CC8DC90A}"
EndProject
Global
	GlobalSection(SolutionConfigurationPlatforms) = preSolution
		Debug|Any CPU = Debug|Any CPU
		Release|Any CPU = Release|Any CPU
	EndGlobalSection
	GlobalSection(ProjectConfigurationPlatforms) = postSolution
		{AC80F46B-1681-4DC9-8A72-26EA1B5B8C4D}.Debug|Any CPU.ActiveCfg = Debug|Any CPU
		{AC80F46B-1681-4DC9-8A72-26EA1B5B8C4D}.Debug|Any CPU.Build.0 = Debug|Any CPU
		{AC80F46B-1681-4DC9-8A72-26EA1B5B8C4D}.Release|Any CPU.ActiveCfg = Release|Any CPU
		{AC80F46B-1681-4DC9-8A72-26EA1B5B8C4D}.Release|Any CPU.Build.0 = Release|Any CPU
		{425585EC-8359-487D-BDB6-1D9AAB2BC1C8}.Debug|Any CPU.ActiveCfg = Debug|Any CPU
		{425585EC-8359-487D-BDB6-1D9AAB2BC1C8}.Debug|Any CPU.Build.0 = Debug|Any CPU
		{425585EC-8359-487D-BDB6-1D9AAB2BC1C8}.Release|Any CPU.ActiveCfg = Release|Any CPU
		{425585EC-8359-487D-BDB6-1D9AAB2BC1C8}.Release|Any CPU.Build.0 = Release|Any CPU
		{FEBFB0B4-7641-4F23-8E66-0AC004411D6E}.Debug|Any CPU.ActiveCfg = Debug|Any CPU
		{FEBFB0B4-7641-4F23-8E66-0AC004411D6E}.Debug|Any CPU.Build.0 = Debug|Any CPU
		{FEBFB0B4-7641-4F23-8E66-0AC004411D6E}.Release|Any CPU.ActiveCfg = Release|Any CPU
		{FEBFB0B4-7641-4F23-8E66-0AC004411D6E}.Release|Any CPU.Build.0 = Release|Any CPU
		{36B99E07-5E9D-40C8-894C-FEB6CC8DC90A}.Debug|Any CPU.ActiveCfg = Debug|Any CPU
		{36B99E07-5E9D-40C8-894C-FEB6CC8DC90A}.Debug|Any CPU.Build.0 = Debug|Any CPU
		{36B99E07-5E9D-40C8-894C-FEB6CC8DC90A}.Release|Any CPU.ActiveCfg = Release|Any CPU
		{36B99E07-5E9D-40C8-894C-FEB6CC8DC90A}.Release|Any CPU.Build.0 = Release|Any CPU
	EndGlobalSection
	GlobalSection(SolutionProperties) = preSolution
		HideSolutionNode = FALSE
	EndGlobalSection
	GlobalSection(ExtensibilityGlobals) = postSolution
		SolutionGuid = {DA8F3F90-E755-45CF-8469-5E288EDC01C7}
	EndGlobalSection
EndGlobal
